// !$*UTF8*$!
{
	archiveVersion = 1;
	classes = {
	};
	objectVersion = 50;
	objects = {

/* Begin PBXBuildFile section */
		485F8881243CBA2D0026FBD6 /* AppDelegate.swift in Sources */ = {isa = PBXBuildFile; fileRef = 485F8880243CBA2D0026FBD6 /* AppDelegate.swift */; };
		485F8883243CBA2D0026FBD6 /* SceneDelegate.swift in Sources */ = {isa = PBXBuildFile; fileRef = 485F8882243CBA2D0026FBD6 /* SceneDelegate.swift */; };
		485F8885243CBA2D0026FBD6 /* ViewController.swift in Sources */ = {isa = PBXBuildFile; fileRef = 485F8884243CBA2D0026FBD6 /* ViewController.swift */; };
		485F8888243CBA2D0026FBD6 /* Main.storyboard in Resources */ = {isa = PBXBuildFile; fileRef = 485F8886243CBA2D0026FBD6 /* Main.storyboard */; };
		485F888A243CBA300026FBD6 /* Assets.xcassets in Resources */ = {isa = PBXBuildFile; fileRef = 485F8889243CBA300026FBD6 /* Assets.xcassets */; };
		485F888D243CBA300026FBD6 /* LaunchScreen.storyboard in Resources */ = {isa = PBXBuildFile; fileRef = 485F888B243CBA300026FBD6 /* LaunchScreen.storyboard */; };
		485F8897243CBD970026FBD6 /* Boarding.storyboard in Resources */ = {isa = PBXBuildFile; fileRef = 485F8896243CBD970026FBD6 /* Boarding.storyboard */; };
		485F889B243CBE350026FBD6 /* Session.storyboard in Resources */ = {isa = PBXBuildFile; fileRef = 485F889A243CBE350026FBD6 /* Session.storyboard */; };
		485F889E243CC0C00026FBD6 /* AddTask.storyboard in Resources */ = {isa = PBXBuildFile; fileRef = 485F889D243CC0C00026FBD6 /* AddTask.storyboard */; };
		485F88A0243CC9FE0026FBD6 /* Session.swift in Sources */ = {isa = PBXBuildFile; fileRef = 485F889F243CC9FE0026FBD6 /* Session.swift */; };
		485F88A3243CCBA60026FBD6 /* TaskList.storyboard in Resources */ = {isa = PBXBuildFile; fileRef = 485F88A2243CCBA60026FBD6 /* TaskList.storyboard */; };
		485F88A5243CD22B0026FBD6 /* TaskList.swift in Sources */ = {isa = PBXBuildFile; fileRef = 485F88A4243CD22B0026FBD6 /* TaskList.swift */; };
/* End PBXBuildFile section */

/* Begin PBXFileReference section */
		485F887D243CBA2D0026FBD6 /* MC1-DailyTImer.app */ = {isa = PBXFileReference; explicitFileType = wrapper.application; includeInIndex = 0; path = "MC1-DailyTImer.app"; sourceTree = BUILT_PRODUCTS_DIR; };
		485F8880243CBA2D0026FBD6 /* AppDelegate.swift */ = {isa = PBXFileReference; lastKnownFileType = sourcecode.swift; path = AppDelegate.swift; sourceTree = "<group>"; };
		485F8882243CBA2D0026FBD6 /* SceneDelegate.swift */ = {isa = PBXFileReference; lastKnownFileType = sourcecode.swift; path = SceneDelegate.swift; sourceTree = "<group>"; };
		485F8884243CBA2D0026FBD6 /* ViewController.swift */ = {isa = PBXFileReference; lastKnownFileType = sourcecode.swift; path = ViewController.swift; sourceTree = "<group>"; };
		485F8887243CBA2D0026FBD6 /* Base */ = {isa = PBXFileReference; lastKnownFileType = file.storyboard; name = Base; path = Base.lproj/Main.storyboard; sourceTree = "<group>"; };
		485F8889243CBA300026FBD6 /* Assets.xcassets */ = {isa = PBXFileReference; lastKnownFileType = folder.assetcatalog; path = Assets.xcassets; sourceTree = "<group>"; };
		485F888C243CBA300026FBD6 /* Base */ = {isa = PBXFileReference; lastKnownFileType = file.storyboard; name = Base; path = Base.lproj/LaunchScreen.storyboard; sourceTree = "<group>"; };
		485F888E243CBA300026FBD6 /* Info.plist */ = {isa = PBXFileReference; lastKnownFileType = text.plist.xml; path = Info.plist; sourceTree = "<group>"; };
		485F8896243CBD970026FBD6 /* Boarding.storyboard */ = {isa = PBXFileReference; lastKnownFileType = file.storyboard; path = Boarding.storyboard; sourceTree = "<group>"; };
		485F889A243CBE350026FBD6 /* Session.storyboard */ = {isa = PBXFileReference; lastKnownFileType = file.storyboard; path = Session.storyboard; sourceTree = "<group>"; };
		485F889D243CC0C00026FBD6 /* AddTask.storyboard */ = {isa = PBXFileReference; lastKnownFileType = file.storyboard; path = AddTask.storyboard; sourceTree = "<group>"; };
		485F889F243CC9FE0026FBD6 /* Session.swift */ = {isa = PBXFileReference; lastKnownFileType = sourcecode.swift; path = Session.swift; sourceTree = "<group>"; };
		485F88A2243CCBA60026FBD6 /* TaskList.storyboard */ = {isa = PBXFileReference; lastKnownFileType = file.storyboard; path = TaskList.storyboard; sourceTree = "<group>"; };
		485F88A4243CD22B0026FBD6 /* TaskList.swift */ = {isa = PBXFileReference; lastKnownFileType = sourcecode.swift; path = TaskList.swift; sourceTree = "<group>"; };
/* End PBXFileReference section */

/* Begin PBXFrameworksBuildPhase section */
		485F887A243CBA2D0026FBD6 /* Frameworks */ = {
			isa = PBXFrameworksBuildPhase;
			buildActionMask = 2147483647;
			files = (
			);
			runOnlyForDeploymentPostprocessing = 0;
		};
/* End PBXFrameworksBuildPhase section */

/* Begin PBXGroup section */
		485F8874243CBA2D0026FBD6 = {
			isa = PBXGroup;
			children = (
				485F887F243CBA2D0026FBD6 /* MC1-DailyTImer */,
				485F887E243CBA2D0026FBD6 /* Products */,
			);
			sourceTree = "<group>";
		};
		485F887E243CBA2D0026FBD6 /* Products */ = {
			isa = PBXGroup;
			children = (
				485F887D243CBA2D0026FBD6 /* MC1-DailyTImer.app */,
			);
			name = Products;
			sourceTree = "<group>";
		};
		485F887F243CBA2D0026FBD6 /* MC1-DailyTImer */ = {
			isa = PBXGroup;
			children = (
				485F88A1243CCB900026FBD6 /* TaskList */,
				485F889C243CC0A00026FBD6 /* AddTask */,
				485F8899243CBE250026FBD6 /* Session */,
				485F8895243CBB800026FBD6 /* BoardingApp */,
				485F8880243CBA2D0026FBD6 /* AppDelegate.swift */,
				485F8882243CBA2D0026FBD6 /* SceneDelegate.swift */,
				485F8884243CBA2D0026FBD6 /* ViewController.swift */,
				485F8889243CBA300026FBD6 /* Assets.xcassets */,
				485F888B243CBA300026FBD6 /* LaunchScreen.storyboard */,
				485F888E243CBA300026FBD6 /* Info.plist */,
			);
			path = "MC1-DailyTImer";
			sourceTree = "<group>";
		};
		485F8895243CBB800026FBD6 /* BoardingApp */ = {
			isa = PBXGroup;
			children = (
				485F8886243CBA2D0026FBD6 /* Main.storyboard */,
				485F8896243CBD970026FBD6 /* Boarding.storyboard */,
			);
			path = BoardingApp;
			sourceTree = "<group>";
		};
		485F8899243CBE250026FBD6 /* Session */ = {
			isa = PBXGroup;
			children = (
				485F889A243CBE350026FBD6 /* Session.storyboard */,
				485F889F243CC9FE0026FBD6 /* Session.swift */,
			);
			path = Session;
			sourceTree = "<group>";
		};
		485F889C243CC0A00026FBD6 /* AddTask */ = {
			isa = PBXGroup;
			children = (
				485F889D243CC0C00026FBD6 /* AddTask.storyboard */,
			);
			path = AddTask;
			sourceTree = "<group>";
		};
		485F88A1243CCB900026FBD6 /* TaskList */ = {
			isa = PBXGroup;
			children = (
				485F88A2243CCBA60026FBD6 /* TaskList.storyboard */,
				485F88A4243CD22B0026FBD6 /* TaskList.swift */,
			);
			path = TaskList;
			sourceTree = "<group>";
		};
/* End PBXGroup section */

/* Begin PBXNativeTarget section */
		485F887C243CBA2D0026FBD6 /* MC1-DailyTImer */ = {
			isa = PBXNativeTarget;
			buildConfigurationList = 485F8891243CBA300026FBD6 /* Build configuration list for PBXNativeTarget "MC1-DailyTImer" */;
			buildPhases = (
				485F8879243CBA2D0026FBD6 /* Sources */,
				485F887A243CBA2D0026FBD6 /* Frameworks */,
				485F887B243CBA2D0026FBD6 /* Resources */,
			);
			buildRules = (
			);
			dependencies = (
			);
			name = "MC1-DailyTImer";
			productName = "MC1-DailyTImer";
			productReference = 485F887D243CBA2D0026FBD6 /* MC1-DailyTImer.app */;
			productType = "com.apple.product-type.application";
		};
/* End PBXNativeTarget section */

/* Begin PBXProject section */
		485F8875243CBA2D0026FBD6 /* Project object */ = {
			isa = PBXProject;
			attributes = {
				LastSwiftUpdateCheck = 1140;
				LastUpgradeCheck = 1140;
				ORGANIZATIONNAME = "Muhamad Vicky";
				TargetAttributes = {
					485F887C243CBA2D0026FBD6 = {
						CreatedOnToolsVersion = 11.4;
					};
				};
			};
			buildConfigurationList = 485F8878243CBA2D0026FBD6 /* Build configuration list for PBXProject "MC1-DailyTImer" */;
			compatibilityVersion = "Xcode 9.3";
			developmentRegion = en;
			hasScannedForEncodings = 0;
			knownRegions = (
				en,
				Base,
			);
			mainGroup = 485F8874243CBA2D0026FBD6;
			productRefGroup = 485F887E243CBA2D0026FBD6 /* Products */;
			projectDirPath = "";
			projectRoot = "";
			targets = (
				485F887C243CBA2D0026FBD6 /* MC1-DailyTImer */,
			);
		};
/* End PBXProject section */

/* Begin PBXResourcesBuildPhase section */
		485F887B243CBA2D0026FBD6 /* Resources */ = {
			isa = PBXResourcesBuildPhase;
			buildActionMask = 2147483647;
			files = (
				485F88A3243CCBA60026FBD6 /* TaskList.storyboard in Resources */,
				485F8897243CBD970026FBD6 /* Boarding.storyboard in Resources */,
				485F889B243CBE350026FBD6 /* Session.storyboard in Resources */,
				485F888D243CBA300026FBD6 /* LaunchScreen.storyboard in Resources */,
				485F889E243CC0C00026FBD6 /* AddTask.storyboard in Resources */,
				485F888A243CBA300026FBD6 /* Assets.xcassets in Resources */,
				485F8888243CBA2D0026FBD6 /* Main.storyboard in Resources */,
			);
			runOnlyForDeploymentPostprocessing = 0;
		};
/* End PBXResourcesBuildPhase section */

/* Begin PBXSourcesBuildPhase section */
		485F8879243CBA2D0026FBD6 /* Sources */ = {
			isa = PBXSourcesBuildPhase;
			buildActionMask = 2147483647;
			files = (
				485F88A0243CC9FE0026FBD6 /* Session.swift in Sources */,
				485F88A5243CD22B0026FBD6 /* TaskList.swift in Sources */,
				485F8885243CBA2D0026FBD6 /* ViewController.swift in Sources */,
				485F8881243CBA2D0026FBD6 /* AppDelegate.swift in Sources */,
				485F8883243CBA2D0026FBD6 /* SceneDelegate.swift in Sources */,
			);
			runOnlyForDeploymentPostprocessing = 0;
		};
/* End PBXSourcesBuildPhase section */

/* Begin PBXVariantGroup section */
		485F8886243CBA2D0026FBD6 /* Main.storyboard */ = {
			isa = PBXVariantGroup;
			children = (
				485F8887243CBA2D0026FBD6 /* Base */,
			);
			name = Main.storyboard;
			sourceTree = "<group>";
		};
		485F888B243CBA300026FBD6 /* LaunchScreen.storyboard */ = {
			isa = PBXVariantGroup;
			children = (
				485F888C243CBA300026FBD6 /* Base */,
			);
			name = LaunchScreen.storyboard;
			sourceTree = "<group>";
		};
/* End PBXVariantGroup section */

/* Begin XCBuildConfiguration section */
		485F888F243CBA300026FBD6 /* Debug */ = {
			isa = XCBuildConfiguration;
			buildSettings = {
				ALWAYS_SEARCH_USER_PATHS = NO;
				CLANG_ANALYZER_NONNULL = YES;
				CLANG_ANALYZER_NUMBER_OBJECT_CONVERSION = YES_AGGRESSIVE;
				CLANG_CXX_LANGUAGE_STANDARD = "gnu++14";
				CLANG_CXX_LIBRARY = "libc++";
				CLANG_ENABLE_MODULES = YES;
				CLANG_ENABLE_OBJC_ARC = YES;
				CLANG_ENABLE_OBJC_WEAK = YES;
				CLANG_WARN_BLOCK_CAPTURE_AUTORELEASING = YES;
				CLANG_WARN_BOOL_CONVERSION = YES;
				CLANG_WARN_COMMA = YES;
				CLANG_WARN_CONSTANT_CONVERSION = YES;
				CLANG_WARN_DEPRECATED_OBJC_IMPLEMENTATIONS = YES;
				CLANG_WARN_DIRECT_OBJC_ISA_USAGE = YES_ERROR;
				CLANG_WARN_DOCUMENTATION_COMMENTS = YES;
				CLANG_WARN_EMPTY_BODY = YES;
				CLANG_WARN_ENUM_CONVERSION = YES;
				CLANG_WARN_INFINITE_RECURSION = YES;
				CLANG_WARN_INT_CONVERSION = YES;
				CLANG_WARN_NON_LITERAL_NULL_CONVERSION = YES;
				CLANG_WARN_OBJC_IMPLICIT_RETAIN_SELF = YES;
				CLANG_WARN_OBJC_LITERAL_CONVERSION = YES;
				CLANG_WARN_OBJC_ROOT_CLASS = YES_ERROR;
				CLANG_WARN_RANGE_LOOP_ANALYSIS = YES;
				CLANG_WARN_STRICT_PROTOTYPES = YES;
				CLANG_WARN_SUSPICIOUS_MOVE = YES;
				CLANG_WARN_UNGUARDED_AVAILABILITY = YES_AGGRESSIVE;
				CLANG_WARN_UNREACHABLE_CODE = YES;
				CLANG_WARN__DUPLICATE_METHOD_MATCH = YES;
				COPY_PHASE_STRIP = NO;
				DEBUG_INFORMATION_FORMAT = dwarf;
				ENABLE_STRICT_OBJC_MSGSEND = YES;
				ENABLE_TESTABILITY = YES;
				GCC_C_LANGUAGE_STANDARD = gnu11;
				GCC_DYNAMIC_NO_PIC = NO;
				GCC_NO_COMMON_BLOCKS = YES;
				GCC_OPTIMIZATION_LEVEL = 0;
				GCC_PREPROCESSOR_DEFINITIONS = (
					"DEBUG=1",
					"$(inherited)",
				);
				GCC_WARN_64_TO_32_BIT_CONVERSION = YES;
				GCC_WARN_ABOUT_RETURN_TYPE = YES_ERROR;
				GCC_WARN_UNDECLARED_SELECTOR = YES;
				GCC_WARN_UNINITIALIZED_AUTOS = YES_AGGRESSIVE;
				GCC_WARN_UNUSED_FUNCTION = YES;
				GCC_WARN_UNUSED_VARIABLE = YES;
				IPHONEOS_DEPLOYMENT_TARGET = 13.4;
				MTL_ENABLE_DEBUG_INFO = INCLUDE_SOURCE;
				MTL_FAST_MATH = YES;
				ONLY_ACTIVE_ARCH = YES;
				SDKROOT = iphoneos;
				SWIFT_ACTIVE_COMPILATION_CONDITIONS = DEBUG;
				SWIFT_OPTIMIZATION_LEVEL = "-Onone";
			};
			name = Debug;
		};
		485F8890243CBA300026FBD6 /* Release */ = {
			isa = XCBuildConfiguration;
			buildSettings = {
				ALWAYS_SEARCH_USER_PATHS = NO;
				CLANG_ANALYZER_NONNULL = YES;
				CLANG_ANALYZER_NUMBER_OBJECT_CONVERSION = YES_AGGRESSIVE;
				CLANG_CXX_LANGUAGE_STANDARD = "gnu++14";
				CLANG_CXX_LIBRARY = "libc++";
				CLANG_ENABLE_MODULES = YES;
				CLANG_ENABLE_OBJC_ARC = YES;
				CLANG_ENABLE_OBJC_WEAK = YES;
				CLANG_WARN_BLOCK_CAPTURE_AUTORELEASING = YES;
				CLANG_WARN_BOOL_CONVERSION = YES;
				CLANG_WARN_COMMA = YES;
				CLANG_WARN_CONSTANT_CONVERSION = YES;
				CLANG_WARN_DEPRECATED_OBJC_IMPLEMENTATIONS = YES;
				CLANG_WARN_DIRECT_OBJC_ISA_USAGE = YES_ERROR;
				CLANG_WARN_DOCUMENTATION_COMMENTS = YES;
				CLANG_WARN_EMPTY_BODY = YES;
				CLANG_WARN_ENUM_CONVERSION = YES;
				CLANG_WARN_INFINITE_RECURSION = YES;
				CLANG_WARN_INT_CONVERSION = YES;
				CLANG_WARN_NON_LITERAL_NULL_CONVERSION = YES;
				CLANG_WARN_OBJC_IMPLICIT_RETAIN_SELF = YES;
				CLANG_WARN_OBJC_LITERAL_CONVERSION = YES;
				CLANG_WARN_OBJC_ROOT_CLASS = YES_ERROR;
				CLANG_WARN_RANGE_LOOP_ANALYSIS = YES;
				CLANG_WARN_STRICT_PROTOTYPES = YES;
				CLANG_WARN_SUSPICIOUS_MOVE = YES;
				CLANG_WARN_UNGUARDED_AVAILABILITY = YES_AGGRESSIVE;
				CLANG_WARN_UNREACHABLE_CODE = YES;
				CLANG_WARN__DUPLICATE_METHOD_MATCH = YES;
				COPY_PHASE_STRIP = NO;
				DEBUG_INFORMATION_FORMAT = "dwarf-with-dsym";
				ENABLE_NS_ASSERTIONS = NO;
				ENABLE_STRICT_OBJC_MSGSEND = YES;
				GCC_C_LANGUAGE_STANDARD = gnu11;
				GCC_NO_COMMON_BLOCKS = YES;
				GCC_WARN_64_TO_32_BIT_CONVERSION = YES;
				GCC_WARN_ABOUT_RETURN_TYPE = YES_ERROR;
				GCC_WARN_UNDECLARED_SELECTOR = YES;
				GCC_WARN_UNINITIALIZED_AUTOS = YES_AGGRESSIVE;
				GCC_WARN_UNUSED_FUNCTION = YES;
				GCC_WARN_UNUSED_VARIABLE = YES;
				IPHONEOS_DEPLOYMENT_TARGET = 13.4;
				MTL_ENABLE_DEBUG_INFO = NO;
				MTL_FAST_MATH = YES;
				SDKROOT = iphoneos;
				SWIFT_COMPILATION_MODE = wholemodule;
				SWIFT_OPTIMIZATION_LEVEL = "-O";
				VALIDATE_PRODUCT = YES;
			};
			name = Release;
		};
		485F8892243CBA300026FBD6 /* Debug */ = {
			isa = XCBuildConfiguration;
			buildSettings = {
				ASSETCATALOG_COMPILER_APPICON_NAME = AppIcon;
				CODE_SIGN_STYLE = Automatic;
				INFOPLIST_FILE = "MC1-DailyTImer/Info.plist";
				LD_RUNPATH_SEARCH_PATHS = (
					"$(inherited)",
					"@executable_path/Frameworks",
				);
				PRODUCT_BUNDLE_IDENTIFIER = "djidien.edu.MC1-DailyTImer";
				PRODUCT_NAME = "$(TARGET_NAME)";
				SWIFT_VERSION = 5.0;
				TARGETED_DEVICE_FAMILY = "1,2";
			};
			name = Debug;
		};
		485F8893243CBA300026FBD6 /* Release */ = {
			isa = XCBuildConfiguration;
			buildSettings = {
				ASSETCATALOG_COMPILER_APPICON_NAME = AppIcon;
				CODE_SIGN_STYLE = Automatic;
				INFOPLIST_FILE = "MC1-DailyTImer/Info.plist";
				LD_RUNPATH_SEARCH_PATHS = (
					"$(inherited)",
					"@executable_path/Frameworks",
				);
				PRODUCT_BUNDLE_IDENTIFIER = "djidien.edu.MC1-DailyTImer";
				PRODUCT_NAME = "$(TARGET_NAME)";
				SWIFT_VERSION = 5.0;
				TARGETED_DEVICE_FAMILY = "1,2";
			};
			name = Release;
		};
/* End XCBuildConfiguration section */

/* Begin XCConfigurationList section */
		485F8878243CBA2D0026FBD6 /* Build configuration list for PBXProject "MC1-DailyTImer" */ = {
			isa = XCConfigurationList;
			buildConfigurations = (
				485F888F243CBA300026FBD6 /* Debug */,
				485F8890243CBA300026FBD6 /* Release */,
			);
			defaultConfigurationIsVisible = 0;
			defaultConfigurationName = Release;
		};
		485F8891243CBA300026FBD6 /* Build configuration list for PBXNativeTarget "MC1-DailyTImer" */ = {
			isa = XCConfigurationList;
			buildConfigurations = (
				485F8892243CBA300026FBD6 /* Debug */,
				485F8893243CBA300026FBD6 /* Release */,
			);
			defaultConfigurationIsVisible = 0;
			defaultConfigurationName = Release;
		};
/* End XCConfigurationList section */
	};
	rootObject = 485F8875243CBA2D0026FBD6 /* Project object */;
}
